// !$*UTF8*$!
{
	archiveVersion = 1;
	classes = {
	};
	objectVersion = 56;
	objects = {

/* Begin PBXBuildFile section */
		6A09B0CE293F5E4B006A9D58 /* LoginViewController.swift in Sources */ = {isa = PBXBuildFile; fileRef = 6A09B0CD293F5E4B006A9D58 /* LoginViewController.swift */; };
		6A09B0D2293F6459006A9D58 /* CoordinatorProtocol.swift in Sources */ = {isa = PBXBuildFile; fileRef = 6A09B0D1293F6459006A9D58 /* CoordinatorProtocol.swift */; };
		6A09B0D4293F6463006A9D58 /* AppCoordinator.swift in Sources */ = {isa = PBXBuildFile; fileRef = 6A09B0D3293F6463006A9D58 /* AppCoordinator.swift */; };
		6A09B0D6293F64C5006A9D58 /* TabBarCoordinator.swift in Sources */ = {isa = PBXBuildFile; fileRef = 6A09B0D5293F64C5006A9D58 /* TabBarCoordinator.swift */; };
		6A09B0D8293F64CF006A9D58 /* LoginCoordinator.swift in Sources */ = {isa = PBXBuildFile; fileRef = 6A09B0D7293F64CF006A9D58 /* LoginCoordinator.swift */; };
		6A0A6A17293DEFD9000DB22A /* TabBarController.swift in Sources */ = {isa = PBXBuildFile; fileRef = 6A0A6A16293DEFD9000DB22A /* TabBarController.swift */; };
		6A0A6A1B293DF154000DB22A /* FilesViewController.swift in Sources */ = {isa = PBXBuildFile; fileRef = 6A0A6A1A293DF154000DB22A /* FilesViewController.swift */; };
		6A0A6A1D293DFD58000DB22A /* SettingsViewController.swift in Sources */ = {isa = PBXBuildFile; fileRef = 6A0A6A1C293DFD58000DB22A /* SettingsViewController.swift */; };
		6A0A6A21293DFE94000DB22A /* FilesTableViewCell.swift in Sources */ = {isa = PBXBuildFile; fileRef = 6A0A6A20293DFE94000DB22A /* FilesTableViewCell.swift */; };
		6A5E3595293B5E5E00A40117 /* AppDelegate.swift in Sources */ = {isa = PBXBuildFile; fileRef = 6A5E3594293B5E5E00A40117 /* AppDelegate.swift */; };
		6A5E3597293B5E5E00A40117 /* SceneDelegate.swift in Sources */ = {isa = PBXBuildFile; fileRef = 6A5E3596293B5E5E00A40117 /* SceneDelegate.swift */; };
		6A5E359E293B5E5F00A40117 /* Assets.xcassets in Resources */ = {isa = PBXBuildFile; fileRef = 6A5E359D293B5E5F00A40117 /* Assets.xcassets */; };
		6A5E35A1293B5E5F00A40117 /* LaunchScreen.storyboard in Resources */ = {isa = PBXBuildFile; fileRef = 6A5E359F293B5E5F00A40117 /* LaunchScreen.storyboard */; };
		6A8596D62940E222002D4553 /* Credentials.swift in Sources */ = {isa = PBXBuildFile; fileRef = 6A8596D52940E222002D4553 /* Credentials.swift */; };
		6A8596DC2940F291002D4553 /* KeychainSwift in Frameworks */ = {isa = PBXBuildFile; productRef = 6A8596DB2940F291002D4553 /* KeychainSwift */; };
/* End PBXBuildFile section */

/* Begin PBXFileReference section */
		6A09B0CD293F5E4B006A9D58 /* LoginViewController.swift */ = {isa = PBXFileReference; lastKnownFileType = sourcecode.swift; path = LoginViewController.swift; sourceTree = "<group>"; };
		6A09B0D1293F6459006A9D58 /* CoordinatorProtocol.swift */ = {isa = PBXFileReference; lastKnownFileType = sourcecode.swift; path = CoordinatorProtocol.swift; sourceTree = "<group>"; };
		6A09B0D3293F6463006A9D58 /* AppCoordinator.swift */ = {isa = PBXFileReference; lastKnownFileType = sourcecode.swift; path = AppCoordinator.swift; sourceTree = "<group>"; };
		6A09B0D5293F64C5006A9D58 /* TabBarCoordinator.swift */ = {isa = PBXFileReference; lastKnownFileType = sourcecode.swift; path = TabBarCoordinator.swift; sourceTree = "<group>"; };
		6A09B0D7293F64CF006A9D58 /* LoginCoordinator.swift */ = {isa = PBXFileReference; lastKnownFileType = sourcecode.swift; path = LoginCoordinator.swift; sourceTree = "<group>"; };
		6A0A6A16293DEFD9000DB22A /* TabBarController.swift */ = {isa = PBXFileReference; lastKnownFileType = sourcecode.swift; path = TabBarController.swift; sourceTree = "<group>"; };
		6A0A6A1A293DF154000DB22A /* FilesViewController.swift */ = {isa = PBXFileReference; lastKnownFileType = sourcecode.swift; path = FilesViewController.swift; sourceTree = "<group>"; };
		6A0A6A1C293DFD58000DB22A /* SettingsViewController.swift */ = {isa = PBXFileReference; lastKnownFileType = sourcecode.swift; path = SettingsViewController.swift; sourceTree = "<group>"; };
		6A0A6A20293DFE94000DB22A /* FilesTableViewCell.swift */ = {isa = PBXFileReference; lastKnownFileType = sourcecode.swift; path = FilesTableViewCell.swift; sourceTree = "<group>"; };
		6A5E3591293B5E5E00A40117 /* FileManager.app */ = {isa = PBXFileReference; explicitFileType = wrapper.application; includeInIndex = 0; path = FileManager.app; sourceTree = BUILT_PRODUCTS_DIR; };
		6A5E3594293B5E5E00A40117 /* AppDelegate.swift */ = {isa = PBXFileReference; lastKnownFileType = sourcecode.swift; path = AppDelegate.swift; sourceTree = "<group>"; };
		6A5E3596293B5E5E00A40117 /* SceneDelegate.swift */ = {isa = PBXFileReference; lastKnownFileType = sourcecode.swift; path = SceneDelegate.swift; sourceTree = "<group>"; };
		6A5E359D293B5E5F00A40117 /* Assets.xcassets */ = {isa = PBXFileReference; lastKnownFileType = folder.assetcatalog; path = Assets.xcassets; sourceTree = "<group>"; };
		6A5E35A0293B5E5F00A40117 /* Base */ = {isa = PBXFileReference; lastKnownFileType = file.storyboard; name = Base; path = Base.lproj/LaunchScreen.storyboard; sourceTree = "<group>"; };
		6A5E35A2293B5E5F00A40117 /* Info.plist */ = {isa = PBXFileReference; lastKnownFileType = text.plist.xml; path = Info.plist; sourceTree = "<group>"; };
		6A8596D52940E222002D4553 /* Credentials.swift */ = {isa = PBXFileReference; lastKnownFileType = sourcecode.swift; path = Credentials.swift; sourceTree = "<group>"; };
/* End PBXFileReference section */

/* Begin PBXFrameworksBuildPhase section */
		6A5E358E293B5E5E00A40117 /* Frameworks */ = {
			isa = PBXFrameworksBuildPhase;
			buildActionMask = 2147483647;
			files = (
				6A8596DC2940F291002D4553 /* KeychainSwift in Frameworks */,
			);
			runOnlyForDeploymentPostprocessing = 0;
		};
/* End PBXFrameworksBuildPhase section */

/* Begin PBXGroup section */
		6A09B0CF293F5E4F006A9D58 /* LoginModule */ = {
			isa = PBXGroup;
			children = (
				6A09B0CD293F5E4B006A9D58 /* LoginViewController.swift */,
				6A8596D52940E222002D4553 /* Credentials.swift */,
			);
			path = LoginModule;
			sourceTree = "<group>";
		};
		6A09B0D0293F643D006A9D58 /* Coordinators */ = {
			isa = PBXGroup;
			children = (
				6A09B0D1293F6459006A9D58 /* CoordinatorProtocol.swift */,
				6A09B0D3293F6463006A9D58 /* AppCoordinator.swift */,
				6A09B0D7293F64CF006A9D58 /* LoginCoordinator.swift */,
				6A09B0D5293F64C5006A9D58 /* TabBarCoordinator.swift */,
			);
			path = Coordinators;
			sourceTree = "<group>";
		};
		6A0A6A18293DF03A000DB22A /* Application */ = {
			isa = PBXGroup;
			children = (
				6A5E3594293B5E5E00A40117 /* AppDelegate.swift */,
				6A5E3596293B5E5E00A40117 /* SceneDelegate.swift */,
			);
			path = Application;
			sourceTree = "<group>";
		};
		6A0A6A19293DF04F000DB22A /* TabBarModule */ = {
			isa = PBXGroup;
			children = (
				6A0A6A16293DEFD9000DB22A /* TabBarController.swift */,
			);
			path = TabBarModule;
			sourceTree = "<group>";
		};
		6A0A6A1E293DFDC2000DB22A /* SettingsModule */ = {
			isa = PBXGroup;
			children = (
				6A0A6A1C293DFD58000DB22A /* SettingsViewController.swift */,
			);
			path = SettingsModule;
			sourceTree = "<group>";
		};
		6A0A6A1F293DFDCD000DB22A /* FilesModule */ = {
			isa = PBXGroup;
			children = (
				6A0A6A1A293DF154000DB22A /* FilesViewController.swift */,
				6A0A6A20293DFE94000DB22A /* FilesTableViewCell.swift */,
			);
			path = FilesModule;
			sourceTree = "<group>";
		};
		6A5E3588293B5E5E00A40117 = {
			isa = PBXGroup;
			children = (
				6A5E3593293B5E5E00A40117 /* FileManager */,
				6A5E3592293B5E5E00A40117 /* Products */,
			);
			sourceTree = "<group>";
		};
		6A5E3592293B5E5E00A40117 /* Products */ = {
			isa = PBXGroup;
			children = (
				6A5E3591293B5E5E00A40117 /* FileManager.app */,
			);
			name = Products;
			sourceTree = "<group>";
		};
		6A5E3593293B5E5E00A40117 /* FileManager */ = {
			isa = PBXGroup;
			children = (
				6A0A6A18293DF03A000DB22A /* Application */,
				6A09B0D0293F643D006A9D58 /* Coordinators */,
				6A0A6A19293DF04F000DB22A /* TabBarModule */,
				6A09B0CF293F5E4F006A9D58 /* LoginModule */,
				6A0A6A1F293DFDCD000DB22A /* FilesModule */,
				6A0A6A1E293DFDC2000DB22A /* SettingsModule */,
				6A5E359D293B5E5F00A40117 /* Assets.xcassets */,
				6A5E359F293B5E5F00A40117 /* LaunchScreen.storyboard */,
				6A5E35A2293B5E5F00A40117 /* Info.plist */,
			);
			path = FileManager;
			sourceTree = "<group>";
		};
/* End PBXGroup section */

/* Begin PBXNativeTarget section */
		6A5E3590293B5E5E00A40117 /* FileManager */ = {
			isa = PBXNativeTarget;
			buildConfigurationList = 6A5E35A5293B5E5F00A40117 /* Build configuration list for PBXNativeTarget "FileManager" */;
			buildPhases = (
				6A5E358D293B5E5E00A40117 /* Sources */,
				6A5E358E293B5E5E00A40117 /* Frameworks */,
				6A5E358F293B5E5E00A40117 /* Resources */,
			);
			buildRules = (
			);
			dependencies = (
			);
			name = FileManager;
			packageProductDependencies = (
				6A8596DB2940F291002D4553 /* KeychainSwift */,
			);
			productName = FileManager;
			productReference = 6A5E3591293B5E5E00A40117 /* FileManager.app */;
			productType = "com.apple.product-type.application";
		};
/* End PBXNativeTarget section */

/* Begin PBXProject section */
		6A5E3589293B5E5E00A40117 /* Project object */ = {
			isa = PBXProject;
			attributes = {
				BuildIndependentTargetsInParallel = 1;
				LastSwiftUpdateCheck = 1410;
				LastUpgradeCheck = 1410;
				TargetAttributes = {
					6A5E3590293B5E5E00A40117 = {
						CreatedOnToolsVersion = 14.1;
					};
				};
			};
			buildConfigurationList = 6A5E358C293B5E5E00A40117 /* Build configuration list for PBXProject "FileManager" */;
			compatibilityVersion = "Xcode 14.0";
			developmentRegion = en;
			hasScannedForEncodings = 0;
			knownRegions = (
				en,
				Base,
			);
			mainGroup = 6A5E3588293B5E5E00A40117;
			packageReferences = (
				6A8596DA2940F291002D4553 /* XCRemoteSwiftPackageReference "keychain-swift" */,
			);
			productRefGroup = 6A5E3592293B5E5E00A40117 /* Products */;
			projectDirPath = "";
			projectRoot = "";
			targets = (
				6A5E3590293B5E5E00A40117 /* FileManager */,
			);
		};
/* End PBXProject section */

/* Begin PBXResourcesBuildPhase section */
		6A5E358F293B5E5E00A40117 /* Resources */ = {
			isa = PBXResourcesBuildPhase;
			buildActionMask = 2147483647;
			files = (
				6A5E35A1293B5E5F00A40117 /* LaunchScreen.storyboard in Resources */,
				6A5E359E293B5E5F00A40117 /* Assets.xcassets in Resources */,
			);
			runOnlyForDeploymentPostprocessing = 0;
		};
/* End PBXResourcesBuildPhase section */

/* Begin PBXSourcesBuildPhase section */
		6A5E358D293B5E5E00A40117 /* Sources */ = {
			isa = PBXSourcesBuildPhase;
			buildActionMask = 2147483647;
			files = (
				6A09B0CE293F5E4B006A9D58 /* LoginViewController.swift in Sources */,
				6A0A6A17293DEFD9000DB22A /* TabBarController.swift in Sources */,
				6A09B0D2293F6459006A9D58 /* CoordinatorProtocol.swift in Sources */,
				6A0A6A21293DFE94000DB22A /* FilesTableViewCell.swift in Sources */,
				6A09B0D8293F64CF006A9D58 /* LoginCoordinator.swift in Sources */,
				6A5E3595293B5E5E00A40117 /* AppDelegate.swift in Sources */,
				6A8596D62940E222002D4553 /* Credentials.swift in Sources */,
				6A0A6A1B293DF154000DB22A /* FilesViewController.swift in Sources */,
				6A09B0D4293F6463006A9D58 /* AppCoordinator.swift in Sources */,
				6A5E3597293B5E5E00A40117 /* SceneDelegate.swift in Sources */,
				6A09B0D6293F64C5006A9D58 /* TabBarCoordinator.swift in Sources */,
				6A0A6A1D293DFD58000DB22A /* SettingsViewController.swift in Sources */,
			);
			runOnlyForDeploymentPostprocessing = 0;
		};
/* End PBXSourcesBuildPhase section */

/* Begin PBXVariantGroup section */
		6A5E359F293B5E5F00A40117 /* LaunchScreen.storyboard */ = {
			isa = PBXVariantGroup;
			children = (
				6A5E35A0293B5E5F00A40117 /* Base */,
			);
			name = LaunchScreen.storyboard;
			sourceTree = "<group>";
		};
/* End PBXVariantGroup section */

/* Begin XCBuildConfiguration section */
		6A5E35A3293B5E5F00A40117 /* Debug */ = {
			isa = XCBuildConfiguration;
			buildSettings = {
				ALWAYS_SEARCH_USER_PATHS = NO;
				CLANG_ANALYZER_NONNULL = YES;
				CLANG_ANALYZER_NUMBER_OBJECT_CONVERSION = YES_AGGRESSIVE;
				CLANG_CXX_LANGUAGE_STANDARD = "gnu++20";
				CLANG_ENABLE_MODULES = YES;
				CLANG_ENABLE_OBJC_ARC = YES;
				CLANG_ENABLE_OBJC_WEAK = YES;
				CLANG_WARN_BLOCK_CAPTURE_AUTORELEASING = YES;
				CLANG_WARN_BOOL_CONVERSION = YES;
				CLANG_WARN_COMMA = YES;
				CLANG_WARN_CONSTANT_CONVERSION = YES;
				CLANG_WARN_DEPRECATED_OBJC_IMPLEMENTATIONS = YES;
				CLANG_WARN_DIRECT_OBJC_ISA_USAGE = YES_ERROR;
				CLANG_WARN_DOCUMENTATION_COMMENTS = YES;
				CLANG_WARN_EMPTY_BODY = YES;
				CLANG_WARN_ENUM_CONVERSION = YES;
				CLANG_WARN_INFINITE_RECURSION = YES;
				CLANG_WARN_INT_CONVERSION = YES;
				CLANG_WARN_NON_LITERAL_NULL_CONVERSION = YES;
				CLANG_WARN_OBJC_IMPLICIT_RETAIN_SELF = YES;
				CLANG_WARN_OBJC_LITERAL_CONVERSION = YES;
				CLANG_WARN_OBJC_ROOT_CLASS = YES_ERROR;
				CLANG_WARN_QUOTED_INCLUDE_IN_FRAMEWORK_HEADER = YES;
				CLANG_WARN_RANGE_LOOP_ANALYSIS = YES;
				CLANG_WARN_STRICT_PROTOTYPES = YES;
				CLANG_WARN_SUSPICIOUS_MOVE = YES;
				CLANG_WARN_UNGUARDED_AVAILABILITY = YES_AGGRESSIVE;
				CLANG_WARN_UNREACHABLE_CODE = YES;
				CLANG_WARN__DUPLICATE_METHOD_MATCH = YES;
				COPY_PHASE_STRIP = NO;
				DEBUG_INFORMATION_FORMAT = dwarf;
				ENABLE_STRICT_OBJC_MSGSEND = YES;
				ENABLE_TESTABILITY = YES;
				GCC_C_LANGUAGE_STANDARD = gnu11;
				GCC_DYNAMIC_NO_PIC = NO;
				GCC_NO_COMMON_BLOCKS = YES;
				GCC_OPTIMIZATION_LEVEL = 0;
				GCC_PREPROCESSOR_DEFINITIONS = (
					"DEBUG=1",
					"$(inherited)",
				);
				GCC_WARN_64_TO_32_BIT_CONVERSION = YES;
				GCC_WARN_ABOUT_RETURN_TYPE = YES_ERROR;
				GCC_WARN_UNDECLARED_SELECTOR = YES;
				GCC_WARN_UNINITIALIZED_AUTOS = YES_AGGRESSIVE;
				GCC_WARN_UNUSED_FUNCTION = YES;
				GCC_WARN_UNUSED_VARIABLE = YES;
				IPHONEOS_DEPLOYMENT_TARGET = 16.1;
				MTL_ENABLE_DEBUG_INFO = INCLUDE_SOURCE;
				MTL_FAST_MATH = YES;
				ONLY_ACTIVE_ARCH = YES;
				SDKROOT = iphoneos;
				SWIFT_ACTIVE_COMPILATION_CONDITIONS = DEBUG;
				SWIFT_OPTIMIZATION_LEVEL = "-Onone";
			};
			name = Debug;
		};
		6A5E35A4293B5E5F00A40117 /* Release */ = {
			isa = XCBuildConfiguration;
			buildSettings = {
				ALWAYS_SEARCH_USER_PATHS = NO;
				CLANG_ANALYZER_NONNULL = YES;
				CLANG_ANALYZER_NUMBER_OBJECT_CONVERSION = YES_AGGRESSIVE;
				CLANG_CXX_LANGUAGE_STANDARD = "gnu++20";
				CLANG_ENABLE_MODULES = YES;
				CLANG_ENABLE_OBJC_ARC = YES;
				CLANG_ENABLE_OBJC_WEAK = YES;
				CLANG_WARN_BLOCK_CAPTURE_AUTORELEASING = YES;
				CLANG_WARN_BOOL_CONVERSION = YES;
				CLANG_WARN_COMMA = YES;
				CLANG_WARN_CONSTANT_CONVERSION = YES;
				CLANG_WARN_DEPRECATED_OBJC_IMPLEMENTATIONS = YES;
				CLANG_WARN_DIRECT_OBJC_ISA_USAGE = YES_ERROR;
				CLANG_WARN_DOCUMENTATION_COMMENTS = YES;
				CLANG_WARN_EMPTY_BODY = YES;
				CLANG_WARN_ENUM_CONVERSION = YES;
				CLANG_WARN_INFINITE_RECURSION = YES;
				CLANG_WARN_INT_CONVERSION = YES;
				CLANG_WARN_NON_LITERAL_NULL_CONVERSION = YES;
				CLANG_WARN_OBJC_IMPLICIT_RETAIN_SELF = YES;
				CLANG_WARN_OBJC_LITERAL_CONVERSION = YES;
				CLANG_WARN_OBJC_ROOT_CLASS = YES_ERROR;
				CLANG_WARN_QUOTED_INCLUDE_IN_FRAMEWORK_HEADER = YES;
				CLANG_WARN_RANGE_LOOP_ANALYSIS = YES;
				CLANG_WARN_STRICT_PROTOTYPES = YES;
				CLANG_WARN_SUSPICIOUS_MOVE = YES;
				CLANG_WARN_UNGUARDED_AVAILABILITY = YES_AGGRESSIVE;
				CLANG_WARN_UNREACHABLE_CODE = YES;
				CLANG_WARN__DUPLICATE_METHOD_MATCH = YES;
				COPY_PHASE_STRIP = NO;
				DEBUG_INFORMATION_FORMAT = "dwarf-with-dsym";
				ENABLE_NS_ASSERTIONS = NO;
				ENABLE_STRICT_OBJC_MSGSEND = YES;
				GCC_C_LANGUAGE_STANDARD = gnu11;
				GCC_NO_COMMON_BLOCKS = YES;
				GCC_WARN_64_TO_32_BIT_CONVERSION = YES;
				GCC_WARN_ABOUT_RETURN_TYPE = YES_ERROR;
				GCC_WARN_UNDECLARED_SELECTOR = YES;
				GCC_WARN_UNINITIALIZED_AUTOS = YES_AGGRESSIVE;
				GCC_WARN_UNUSED_FUNCTION = YES;
				GCC_WARN_UNUSED_VARIABLE = YES;
				IPHONEOS_DEPLOYMENT_TARGET = 16.1;
				MTL_ENABLE_DEBUG_INFO = NO;
				MTL_FAST_MATH = YES;
				SDKROOT = iphoneos;
				SWIFT_COMPILATION_MODE = wholemodule;
				SWIFT_OPTIMIZATION_LEVEL = "-O";
				VALIDATE_PRODUCT = YES;
			};
			name = Release;
		};
		6A5E35A6293B5E5F00A40117 /* Debug */ = {
			isa = XCBuildConfiguration;
			buildSettings = {
				ASSETCATALOG_COMPILER_APPICON_NAME = AppIcon;
				ASSETCATALOG_COMPILER_GLOBAL_ACCENT_COLOR_NAME = AccentColor;
				CODE_SIGN_STYLE = Automatic;
				CURRENT_PROJECT_VERSION = 1;
				DEVELOPMENT_TEAM = TH59CT978K;
				GENERATE_INFOPLIST_FILE = YES;
				INFOPLIST_FILE = FileManager/Info.plist;
				INFOPLIST_KEY_NSPhotoLibraryUsageDescription = "Please allow access.";
				INFOPLIST_KEY_UIApplicationSupportsIndirectInputEvents = YES;
				INFOPLIST_KEY_UILaunchStoryboardName = LaunchScreen;
				INFOPLIST_KEY_UISupportedInterfaceOrientations = UIInterfaceOrientationPortrait;
				INFOPLIST_KEY_UISupportedInterfaceOrientations_iPad = "UIInterfaceOrientationLandscapeLeft UIInterfaceOrientationLandscapeRight UIInterfaceOrientationPortrait UIInterfaceOrientationPortraitUpsideDown";
				LD_RUNPATH_SEARCH_PATHS = (
					"$(inherited)",
					"@executable_path/Frameworks",
				);
				MARKETING_VERSION = 1.0;
				PRODUCT_BUNDLE_IDENTIFIER = "theKosmokos-icloud.com.FileManager";
				PRODUCT_NAME = "$(TARGET_NAME)";
				SWIFT_EMIT_LOC_STRINGS = YES;
				SWIFT_VERSION = 5.0;
				TARGETED_DEVICE_FAMILY = "1,2";
			};
			name = Debug;
		};
		6A5E35A7293B5E5F00A40117 /* Release */ = {
			isa = XCBuildConfiguration;
			buildSettings = {
				ASSETCATALOG_COMPILER_APPICON_NAME = AppIcon;
				ASSETCATALOG_COMPILER_GLOBAL_ACCENT_COLOR_NAME = AccentColor;
				CODE_SIGN_STYLE = Automatic;
				CURRENT_PROJECT_VERSION = 1;
				DEVELOPMENT_TEAM = TH59CT978K;
				GENERATE_INFOPLIST_FILE = YES;
				INFOPLIST_FILE = FileManager/Info.plist;
				INFOPLIST_KEY_NSPhotoLibraryUsageDescription = "Please allow access.";
				INFOPLIST_KEY_UIApplicationSupportsIndirectInputEvents = YES;
				INFOPLIST_KEY_UILaunchStoryboardName = LaunchScreen;
				INFOPLIST_KEY_UISupportedInterfaceOrientations = UIInterfaceOrientationPortrait;
				INFOPLIST_KEY_UISupportedInterfaceOrientations_iPad = "UIInterfaceOrientationLandscapeLeft UIInterfaceOrientationLandscapeRight UIInterfaceOrientationPortrait UIInterfaceOrientationPortraitUpsideDown";
				LD_RUNPATH_SEARCH_PATHS = (
					"$(inherited)",
					"@executable_path/Frameworks",
				);
				MARKETING_VERSION = 1.0;
				PRODUCT_BUNDLE_IDENTIFIER = "theKosmokos-icloud.com.FileManager";
				PRODUCT_NAME = "$(TARGET_NAME)";
				SWIFT_EMIT_LOC_STRINGS = YES;
				SWIFT_VERSION = 5.0;
				TARGETED_DEVICE_FAMILY = "1,2";
			};
			name = Release;
		};
/* End XCBuildConfiguration section */

/* Begin XCConfigurationList section */
		6A5E358C293B5E5E00A40117 /* Build configuration list for PBXProject "FileManager" */ = {
			isa = XCConfigurationList;
			buildConfigurations = (
				6A5E35A3293B5E5F00A40117 /* Debug */,
				6A5E35A4293B5E5F00A40117 /* Release */,
			);
			defaultConfigurationIsVisible = 0;
			defaultConfigurationName = Release;
		};
		6A5E35A5293B5E5F00A40117 /* Build configuration list for PBXNativeTarget "FileManager" */ = {
			isa = XCConfigurationList;
			buildConfigurations = (
				6A5E35A6293B5E5F00A40117 /* Debug */,
				6A5E35A7293B5E5F00A40117 /* Release */,
			);
			defaultConfigurationIsVisible = 0;
			defaultConfigurationName = Release;
		};
/* End XCConfigurationList section */

/* Begin XCRemoteSwiftPackageReference section */
		6A8596DA2940F291002D4553 /* XCRemoteSwiftPackageReference "keychain-swift" */ = {
			isa = XCRemoteSwiftPackageReference;
			repositoryURL = "https://github.com/evgenyneu/keychain-swift";
			requirement = {
				branch = master;
				kind = branch;
			};
		};
/* End XCRemoteSwiftPackageReference section */

/* Begin XCSwiftPackageProductDependency section */
		6A8596DB2940F291002D4553 /* KeychainSwift */ = {
			isa = XCSwiftPackageProductDependency;
			package = 6A8596DA2940F291002D4553 /* XCRemoteSwiftPackageReference "keychain-swift" */;
			productName = KeychainSwift;
		};
/* End XCSwiftPackageProductDependency section */
	};
	rootObject = 6A5E3589293B5E5E00A40117 /* Project object */;
}
